
Microsoft Visual Studio Solution File, Format Version 12.00
# Visual Studio Version 17
VisualStudioVersion = 17.3.32901.215
MinimumVisualStudioVersion = 10.0.40219.1
Project("{FAE04EC0-301F-11D3-BF4B-00C04F79EFBC}") = "ProgettoGraficoTemperature", "ProgettoGraficoTemperature\ProgettoGraficoTemperature.csproj", "{ED4B275D-74F7-4C41-ACF9-A753C2B977BB}"
EndProject
Project("{2150E333-8FDC-42A3-9474-1A3956D46DE8}") = "Elementi di soluzione", "Elementi di soluzione", "{70D1179F-BB7F-4126-917C-7F9EAFFC1D97}"
EndProject
Global
	GlobalSection(SolutionConfigurationPlatforms) = preSolution
		Debug|Any CPU = Debug|Any CPU
		Release|Any CPU = Release|Any CPU
	EndGlobalSection
	GlobalSection(ProjectConfigurationPlatforms) = postSolution
		{ED4B275D-74F7-4C41-ACF9-A753C2B977BB}.Debug|Any CPU.ActiveCfg = Debug|Any CPU
		{ED4B275D-74F7-4C41-ACF9-A753C2B977BB}.Debug|Any CPU.Build.0 = Debug|Any CPU
		{ED4B275D-74F7-4C41-ACF9-A753C2B977BB}.Release|Any CPU.ActiveCfg = Release|Any CPU
		{ED4B275D-74F7-4C41-ACF9-A753C2B977BB}.Release|Any CPU.Build.0 = Release|Any CPU
	EndGlobalSection
	GlobalSection(SolutionProperties) = preSolution
		HideSolutionNode = FALSE
	EndGlobalSection
	GlobalSection(ExtensibilityGlobals) = postSolution
		SolutionGuid = {2D3499CE-9BC7-479C-85FF-656BA7C3037C}
	EndGlobalSection
EndGlobal
